// !$*UTF8*$!
{
	archiveVersion = 1;
	classes = {
	};
	objectVersion = 46;
	objects = {

/* Begin PBXBuildFile section */
		B222B2701A7D70880025DDCF /* YouCell.m in Sources */ = {isa = PBXBuildFile; fileRef = B222B26F1A7D70880025DDCF /* YouCell.m */; };
		B227E4621A714D6300F05C5E /* JSTextField.m in Sources */ = {isa = PBXBuildFile; fileRef = B227E4611A714D6300F05C5E /* JSTextField.m */; };
		B227E4881A72B8D000F05C5E /* SettingsCell.m in Sources */ = {isa = PBXBuildFile; fileRef = B227E4871A72B8D000F05C5E /* SettingsCell.m */; };
		B227E48B1A72C8AA00F05C5E /* ManageLocationsViewController.m in Sources */ = {isa = PBXBuildFile; fileRef = B227E48A1A72C8AA00F05C5E /* ManageLocationsViewController.m */; };
		B227E48E1A72ECA900F05C5E /* HelpViewController.m in Sources */ = {isa = PBXBuildFile; fileRef = B227E48D1A72ECA900F05C5E /* HelpViewController.m */; };
		B227E4911A72EE0100F05C5E /* FeedBackViewController.m in Sources */ = {isa = PBXBuildFile; fileRef = B227E4901A72EE0100F05C5E /* FeedBackViewController.m */; };
		B227E4941A73279200F05C5E /* LocationCell.m in Sources */ = {isa = PBXBuildFile; fileRef = B227E4931A73279200F05C5E /* LocationCell.m */; };
		B26C56B11A59D39E0075AEA1 /* NewCliqueViewController.m in Sources */ = {isa = PBXBuildFile; fileRef = B26C56B01A59D39E0075AEA1 /* NewCliqueViewController.m */; };
		B26C56B41A5A06020075AEA1 /* SettingsViewController.m in Sources */ = {isa = PBXBuildFile; fileRef = B26C56B31A5A06020075AEA1 /* SettingsViewController.m */; };
		B270E8EB1A607FE400FEA5A7 /* MJPopupBackgroundView.m in Sources */ = {isa = PBXBuildFile; fileRef = B270E8E81A607FE400FEA5A7 /* MJPopupBackgroundView.m */; };
		B270E8EC1A607FE400FEA5A7 /* UIViewController+MJPopupViewController.m in Sources */ = {isa = PBXBuildFile; fileRef = B270E8EA1A607FE400FEA5A7 /* UIViewController+MJPopupViewController.m */; };
		B270E8FB1A60E39900FEA5A7 /* MHCustomTabBarController.m in Sources */ = {isa = PBXBuildFile; fileRef = B270E8F81A60E39900FEA5A7 /* MHCustomTabBarController.m */; };
		B270E8FC1A60E39900FEA5A7 /* MHTabBarSegue.m in Sources */ = {isa = PBXBuildFile; fileRef = B270E8FA1A60E39900FEA5A7 /* MHTabBarSegue.m */; };
		B270E9051A60E63700FEA5A7 /* UpdatePlansPopupSegue.m in Sources */ = {isa = PBXBuildFile; fileRef = B270E9041A60E63700FEA5A7 /* UpdatePlansPopupSegue.m */; };
		B270E9071A60E8D200FEA5A7 /* Main.storyboard in Resources */ = {isa = PBXBuildFile; fileRef = B270E9061A60E8D200FEA5A7 /* Main.storyboard */; };
		B270E90D1A60EA3D00FEA5A7 /* UpdatePlansView.m in Sources */ = {isa = PBXBuildFile; fileRef = B270E90C1A60EA3D00FEA5A7 /* UpdatePlansView.m */; };
		B270E9631A62C67100FEA5A7 /* PersonAnnotation.m in Sources */ = {isa = PBXBuildFile; fileRef = B270E9621A62C67100FEA5A7 /* PersonAnnotation.m */; };
		B270E9661A62C68800FEA5A7 /* PartyAnnotation.m in Sources */ = {isa = PBXBuildFile; fileRef = B270E9651A62C68700FEA5A7 /* PartyAnnotation.m */; };
		B270E9691A62E71700FEA5A7 /* UpdateLocationView.m in Sources */ = {isa = PBXBuildFile; fileRef = B270E9681A62E71700FEA5A7 /* UpdateLocationView.m */; };
		B270E96C1A62E75000FEA5A7 /* UpdateLocationPopupSegue.m in Sources */ = {isa = PBXBuildFile; fileRef = B270E96B1A62E75000FEA5A7 /* UpdateLocationPopupSegue.m */; };
		B28C0AC91A85527C00A86757 /* LocationAccessViewController.m in Sources */ = {isa = PBXBuildFile; fileRef = B28C0AC81A85527C00A86757 /* LocationAccessViewController.m */; };
		B28C0ACC1A855CCC00A86757 /* InitialViewController.m in Sources */ = {isa = PBXBuildFile; fileRef = B28C0ACB1A855CCC00A86757 /* InitialViewController.m */; };
		B28C0ACF1A857B2600A86757 /* ContactAccessCell.m in Sources */ = {isa = PBXBuildFile; fileRef = B28C0ACE1A857B2600A86757 /* ContactAccessCell.m */; };
		B28C0AD21A85971000A86757 /* ContactAccessViewController.m in Sources */ = {isa = PBXBuildFile; fileRef = B28C0AD11A85971000A86757 /* ContactAccessViewController.m */; };
		B29CEDC71A573B8C0076F213 /* RBStoryboardLink.m in Sources */ = {isa = PBXBuildFile; fileRef = B29CEDBB1A573B8C0076F213 /* RBStoryboardLink.m */; };
		B29CEDC81A573B8C0076F213 /* RBStoryboardModalSegue.m in Sources */ = {isa = PBXBuildFile; fileRef = B29CEDBE1A573B8C0076F213 /* RBStoryboardModalSegue.m */; };
		B29CEDC91A573B8C0076F213 /* RBStoryboardPopoverSegue.m in Sources */ = {isa = PBXBuildFile; fileRef = B29CEDC01A573B8C0076F213 /* RBStoryboardPopoverSegue.m */; };
		B29CEDCA1A573B8C0076F213 /* RBStoryboardPushSegue.m in Sources */ = {isa = PBXBuildFile; fileRef = B29CEDC21A573B8C0076F213 /* RBStoryboardPushSegue.m */; };
		B29CEDCB1A573B8C0076F213 /* RBStoryboardSegue.m in Sources */ = {isa = PBXBuildFile; fileRef = B29CEDC41A573B8C0076F213 /* RBStoryboardSegue.m */; };
		B29CEDCC1A573B8C0076F213 /* UIViewController+RBStoryboardLink.m in Sources */ = {isa = PBXBuildFile; fileRef = B29CEDC61A573B8C0076F213 /* UIViewController+RBStoryboardLink.m */; };
		B2D6F69E1A58788A00185D32 /* RECommonFunctions.m in Sources */ = {isa = PBXBuildFile; fileRef = B2D6F6991A58788A00185D32 /* RECommonFunctions.m */; };
		B2D6F69F1A58788A00185D32 /* RESideMenu.m in Sources */ = {isa = PBXBuildFile; fileRef = B2D6F69B1A58788A00185D32 /* RESideMenu.m */; };
		B2D6F6A01A58788A00185D32 /* UIViewController+RESideMenu.m in Sources */ = {isa = PBXBuildFile; fileRef = B2D6F69D1A58788A00185D32 /* UIViewController+RESideMenu.m */; };
		B2D6F6BC1A5880DA00185D32 /* MainViewController.m in Sources */ = {isa = PBXBuildFile; fileRef = B2D6F6B01A5880DA00185D32 /* MainViewController.m */; };
		B2D6F6BD1A5880DA00185D32 /* LeftMenuViewController.m in Sources */ = {isa = PBXBuildFile; fileRef = B2D6F6B21A5880DA00185D32 /* LeftMenuViewController.m */; };
		B2D6F6BE1A5880DA00185D32 /* RightMenuViewController.m in Sources */ = {isa = PBXBuildFile; fileRef = B2D6F6B41A5880DA00185D32 /* RightMenuViewController.m */; };
		B2D6F6BF1A5880DA00185D32 /* RootViewController.m in Sources */ = {isa = PBXBuildFile; fileRef = B2D6F6B61A5880DA00185D32 /* RootViewController.m */; };
		B2D6F6C01A5880DA00185D32 /* MapViewController.m in Sources */ = {isa = PBXBuildFile; fileRef = B2D6F6B81A5880DA00185D32 /* MapViewController.m */; };
		B2D6F6C91A58DCCB00185D32 /* CliquesTabBarController.m in Sources */ = {isa = PBXBuildFile; fileRef = B2D6F6C61A58DCCB00185D32 /* CliquesTabBarController.m */; };
		B2D6F6CA1A58DCCB00185D32 /* CliquesTabBarSegue.m in Sources */ = {isa = PBXBuildFile; fileRef = B2D6F6C81A58DCCB00185D32 /* CliquesTabBarSegue.m */; };
		B2D6F6CF1A58F80600185D32 /* NewClique.storyboard in Resources */ = {isa = PBXBuildFile; fileRef = B2D6F6CE1A58F80600185D32 /* NewClique.storyboard */; };
		B2D6F6D21A58FC1300185D32 /* JSStoryboardPopPresentSegue.m in Sources */ = {isa = PBXBuildFile; fileRef = B2D6F6D11A58FC1300185D32 /* JSStoryboardPopPresentSegue.m */; };
		B2D6F6D51A58FEAF00185D32 /* ManageCliquesViewController.m in Sources */ = {isa = PBXBuildFile; fileRef = B2D6F6D41A58FEAF00185D32 /* ManageCliquesViewController.m */; };
		B2D6F6D91A58FFA000185D32 /* ManageFriendsViewController.m in Sources */ = {isa = PBXBuildFile; fileRef = B2D6F6D81A58FFA000185D32 /* ManageFriendsViewController.m */; };
		B2D6F6DC1A59049200185D32 /* CliqueCell.m in Sources */ = {isa = PBXBuildFile; fileRef = B2D6F6DB1A59049200185D32 /* CliqueCell.m */; };
		B2D6F6DF1A5904AC00185D32 /* FriendCell.m in Sources */ = {isa = PBXBuildFile; fileRef = B2D6F6DE1A5904AC00185D32 /* FriendCell.m */; };
		B2D73B8A1A5A23E5005C3F89 /* MapKit.framework in Frameworks */ = {isa = PBXBuildFile; fileRef = B2D73B891A5A23E5005C3F89 /* MapKit.framework */; };
		B2D73B941A5B8D15005C3F89 /* ActivityCell.m in Sources */ = {isa = PBXBuildFile; fileRef = B2D73B931A5B8D15005C3F89 /* ActivityCell.m */; };
		B2D73B971A5B9E14005C3F89 /* FriendsModel.m in Sources */ = {isa = PBXBuildFile; fileRef = B2D73B961A5B9E14005C3F89 /* FriendsModel.m */; };
		B2E41D371A54BDD400D03B2E /* main.m in Sources */ = {isa = PBXBuildFile; fileRef = B2E41D361A54BDD400D03B2E /* main.m */; };
		B2E41D421A54BDD400D03B2E /* Images.xcassets in Resources */ = {isa = PBXBuildFile; fileRef = B2E41D411A54BDD400D03B2E /* Images.xcassets */; };
		B2E41D681A54BEA000D03B2E /* LaunchScreen.xib in Resources */ = {isa = PBXBuildFile; fileRef = B2E41D5E1A54BE9F00D03B2E /* LaunchScreen.xib */; };
		B2E41D6F1A54BECC00D03B2E /* AppDelegate.m in Sources */ = {isa = PBXBuildFile; fileRef = B2E41D6E1A54BECC00D03B2E /* AppDelegate.m */; };
		B2E41D781A54BFD800D03B2E /* FindFriendsTableViewController.m in Sources */ = {isa = PBXBuildFile; fileRef = B2E41D721A54BFD800D03B2E /* FindFriendsTableViewController.m */; };
		B2E41D791A54BFD800D03B2E /* LoginViewController.m in Sources */ = {isa = PBXBuildFile; fileRef = B2E41D741A54BFD800D03B2E /* LoginViewController.m */; };
		B2E41D7A1A54BFD800D03B2E /* RegisteringViewController.m in Sources */ = {isa = PBXBuildFile; fileRef = B2E41D751A54BFD800D03B2E /* RegisteringViewController.m */; };
		B2E41D7B1A54BFD800D03B2E /* TableCell.m in Sources */ = {isa = PBXBuildFile; fileRef = B2E41D771A54BFD800D03B2E /* TableCell.m */; };
		B2E41D7E1A54C02800D03B2E /* Bolts.framework in Frameworks */ = {isa = PBXBuildFile; fileRef = B2E41D7D1A54C02800D03B2E /* Bolts.framework */; };
		B2E41D801A54C02E00D03B2E /* Parse.framework in Frameworks */ = {isa = PBXBuildFile; fileRef = B2E41D7F1A54C02E00D03B2E /* Parse.framework */; };
		B2E41D821A54C03200D03B2E /* ParseFacebookUtils.framework in Frameworks */ = {isa = PBXBuildFile; fileRef = B2E41D811A54C03200D03B2E /* ParseFacebookUtils.framework */; };
		B2E41D841A54C03900D03B2E /* ParseUI.framework in Frameworks */ = {isa = PBXBuildFile; fileRef = B2E41D831A54C03900D03B2E /* ParseUI.framework */; };
		B2E41D861A54C05500D03B2E /* Accounts.framework in Frameworks */ = {isa = PBXBuildFile; fileRef = B2E41D851A54C05500D03B2E /* Accounts.framework */; };
		B2E41D881A54C05B00D03B2E /* AddressBook.framework in Frameworks */ = {isa = PBXBuildFile; fileRef = B2E41D871A54C05B00D03B2E /* AddressBook.framework */; };
		B2E41D8A1A54C05F00D03B2E /* AddressBookUI.framework in Frameworks */ = {isa = PBXBuildFile; fileRef = B2E41D891A54C05F00D03B2E /* AddressBookUI.framework */; };
		B2E41D8C1A54C06900D03B2E /* AudioToolbox.framework in Frameworks */ = {isa = PBXBuildFile; fileRef = B2E41D8B1A54C06900D03B2E /* AudioToolbox.framework */; };
		B2E41D8E1A54C07300D03B2E /* CFNetwork.framework in Frameworks */ = {isa = PBXBuildFile; fileRef = B2E41D8D1A54C07300D03B2E /* CFNetwork.framework */; };
		B2E41D901A54C07B00D03B2E /* CoreGraphics.framework in Frameworks */ = {isa = PBXBuildFile; fileRef = B2E41D8F1A54C07B00D03B2E /* CoreGraphics.framework */; };
		B2E41D921A54C08200D03B2E /* CoreLocation.framework in Frameworks */ = {isa = PBXBuildFile; fileRef = B2E41D911A54C08200D03B2E /* CoreLocation.framework */; };
		B2E41D941A54C08A00D03B2E /* MobileCoreServices.framework in Frameworks */ = {isa = PBXBuildFile; fileRef = B2E41D931A54C08A00D03B2E /* MobileCoreServices.framework */; };
		B2E41D961A54C09500D03B2E /* QuartzCore.framework in Frameworks */ = {isa = PBXBuildFile; fileRef = B2E41D951A54C09500D03B2E /* QuartzCore.framework */; };
		B2E41D981A54C09D00D03B2E /* Security.framework in Frameworks */ = {isa = PBXBuildFile; fileRef = B2E41D971A54C09D00D03B2E /* Security.framework */; };
		B2E41D9A1A54C0A400D03B2E /* Social.framework in Frameworks */ = {isa = PBXBuildFile; fileRef = B2E41D991A54C0A400D03B2E /* Social.framework */; };
		B2E41D9C1A54C0AD00D03B2E /* StoreKit.framework in Frameworks */ = {isa = PBXBuildFile; fileRef = B2E41D9B1A54C0AD00D03B2E /* StoreKit.framework */; };
		B2E41D9E1A54C0B600D03B2E /* SystemConfiguration.framework in Frameworks */ = {isa = PBXBuildFile; fileRef = B2E41D9D1A54C0B600D03B2E /* SystemConfiguration.framework */; };
		B2E41DA01A54C0BD00D03B2E /* libsqlite3.dylib in Frameworks */ = {isa = PBXBuildFile; fileRef = B2E41D9F1A54C0BD00D03B2E /* libsqlite3.dylib */; };
		B2E41DA21A54C0C800D03B2E /* libz.dylib in Frameworks */ = {isa = PBXBuildFile; fileRef = B2E41DA11A54C0C800D03B2E /* libz.dylib */; };
		B2E41DA41A54C21500D03B2E /* LoginReg.storyboard in Resources */ = {isa = PBXBuildFile; fileRef = B2E41DA31A54C21500D03B2E /* LoginReg.storyboard */; };
		B2FED4851A69998500A22818 /* FriendCliqueCell.m in Sources */ = {isa = PBXBuildFile; fileRef = B2FED4841A69998500A22818 /* FriendCliqueCell.m */; };
		B2FED48F1A69D48000A22818 /* BackgroundTaskManager.m in Sources */ = {isa = PBXBuildFile; fileRef = B2FED4871A69D48000A22818 /* BackgroundTaskManager.m */; };
		B2FED4901A69D48000A22818 /* LocationShareModel.m in Sources */ = {isa = PBXBuildFile; fileRef = B2FED48A1A69D48000A22818 /* LocationShareModel.m */; };
		B2FED4911A69D48000A22818 /* LocationTracker.m in Sources */ = {isa = PBXBuildFile; fileRef = B2FED48C1A69D48000A22818 /* LocationTracker.m */; };
/* End PBXBuildFile section */

/* Begin PBXFileReference section */
		B222B26E1A7D70880025DDCF /* YouCell.h */ = {isa = PBXFileReference; fileEncoding = 4; lastKnownFileType = sourcecode.c.h; name = YouCell.h; path = Turnt_1/YouCell.h; sourceTree = "<group>"; };
		B222B26F1A7D70880025DDCF /* YouCell.m */ = {isa = PBXFileReference; fileEncoding = 4; lastKnownFileType = sourcecode.c.objc; name = YouCell.m; path = Turnt_1/YouCell.m; sourceTree = "<group>"; };
		B227E4601A714D6300F05C5E /* JSTextField.h */ = {isa = PBXFileReference; fileEncoding = 4; lastKnownFileType = sourcecode.c.h; name = JSTextField.h; path = Turnt_1/JSTextField.h; sourceTree = "<group>"; };
		B227E4611A714D6300F05C5E /* JSTextField.m */ = {isa = PBXFileReference; fileEncoding = 4; lastKnownFileType = sourcecode.c.objc; name = JSTextField.m; path = Turnt_1/JSTextField.m; sourceTree = "<group>"; };
		B227E4861A72B8D000F05C5E /* SettingsCell.h */ = {isa = PBXFileReference; fileEncoding = 4; lastKnownFileType = sourcecode.c.h; name = SettingsCell.h; path = Turnt_1/SettingsCell.h; sourceTree = "<group>"; };
		B227E4871A72B8D000F05C5E /* SettingsCell.m */ = {isa = PBXFileReference; fileEncoding = 4; lastKnownFileType = sourcecode.c.objc; name = SettingsCell.m; path = Turnt_1/SettingsCell.m; sourceTree = "<group>"; };
		B227E4891A72C8AA00F05C5E /* ManageLocationsViewController.h */ = {isa = PBXFileReference; fileEncoding = 4; lastKnownFileType = sourcecode.c.h; name = ManageLocationsViewController.h; path = Turnt_1/ManageLocationsViewController.h; sourceTree = "<group>"; };
		B227E48A1A72C8AA00F05C5E /* ManageLocationsViewController.m */ = {isa = PBXFileReference; fileEncoding = 4; lastKnownFileType = sourcecode.c.objc; name = ManageLocationsViewController.m; path = Turnt_1/ManageLocationsViewController.m; sourceTree = "<group>"; };
		B227E48C1A72ECA900F05C5E /* HelpViewController.h */ = {isa = PBXFileReference; fileEncoding = 4; lastKnownFileType = sourcecode.c.h; name = HelpViewController.h; path = Turnt_1/HelpViewController.h; sourceTree = "<group>"; };
		B227E48D1A72ECA900F05C5E /* HelpViewController.m */ = {isa = PBXFileReference; fileEncoding = 4; lastKnownFileType = sourcecode.c.objc; name = HelpViewController.m; path = Turnt_1/HelpViewController.m; sourceTree = "<group>"; };
		B227E48F1A72EE0100F05C5E /* FeedBackViewController.h */ = {isa = PBXFileReference; fileEncoding = 4; lastKnownFileType = sourcecode.c.h; name = FeedBackViewController.h; path = Turnt_1/FeedBackViewController.h; sourceTree = "<group>"; };
		B227E4901A72EE0100F05C5E /* FeedBackViewController.m */ = {isa = PBXFileReference; fileEncoding = 4; lastKnownFileType = sourcecode.c.objc; name = FeedBackViewController.m; path = Turnt_1/FeedBackViewController.m; sourceTree = "<group>"; };
		B227E4921A73279200F05C5E /* LocationCell.h */ = {isa = PBXFileReference; fileEncoding = 4; lastKnownFileType = sourcecode.c.h; name = LocationCell.h; path = Turnt_1/LocationCell.h; sourceTree = "<group>"; };
		B227E4931A73279200F05C5E /* LocationCell.m */ = {isa = PBXFileReference; fileEncoding = 4; lastKnownFileType = sourcecode.c.objc; name = LocationCell.m; path = Turnt_1/LocationCell.m; sourceTree = "<group>"; };
		B26C56AF1A59D39E0075AEA1 /* NewCliqueViewController.h */ = {isa = PBXFileReference; fileEncoding = 4; lastKnownFileType = sourcecode.c.h; name = NewCliqueViewController.h; path = Turnt_1/NewCliqueViewController.h; sourceTree = "<group>"; };
		B26C56B01A59D39E0075AEA1 /* NewCliqueViewController.m */ = {isa = PBXFileReference; fileEncoding = 4; lastKnownFileType = sourcecode.c.objc; name = NewCliqueViewController.m; path = Turnt_1/NewCliqueViewController.m; sourceTree = "<group>"; };
		B26C56B21A5A06020075AEA1 /* SettingsViewController.h */ = {isa = PBXFileReference; fileEncoding = 4; lastKnownFileType = sourcecode.c.h; name = SettingsViewController.h; path = Turnt_1/SettingsViewController.h; sourceTree = "<group>"; };
		B26C56B31A5A06020075AEA1 /* SettingsViewController.m */ = {isa = PBXFileReference; fileEncoding = 4; lastKnownFileType = sourcecode.c.objc; name = SettingsViewController.m; path = Turnt_1/SettingsViewController.m; sourceTree = "<group>"; };
		B270E8E71A607FE400FEA5A7 /* MJPopupBackgroundView.h */ = {isa = PBXFileReference; fileEncoding = 4; lastKnownFileType = sourcecode.c.h; name = MJPopupBackgroundView.h; path = MJPopup/MJPopupBackgroundView.h; sourceTree = "<group>"; };
		B270E8E81A607FE400FEA5A7 /* MJPopupBackgroundView.m */ = {isa = PBXFileReference; fileEncoding = 4; lastKnownFileType = sourcecode.c.objc; name = MJPopupBackgroundView.m; path = MJPopup/MJPopupBackgroundView.m; sourceTree = "<group>"; };
		B270E8E91A607FE400FEA5A7 /* UIViewController+MJPopupViewController.h */ = {isa = PBXFileReference; fileEncoding = 4; lastKnownFileType = sourcecode.c.h; name = "UIViewController+MJPopupViewController.h"; path = "MJPopup/UIViewController+MJPopupViewController.h"; sourceTree = "<group>"; };
		B270E8EA1A607FE400FEA5A7 /* UIViewController+MJPopupViewController.m */ = {isa = PBXFileReference; fileEncoding = 4; lastKnownFileType = sourcecode.c.objc; name = "UIViewController+MJPopupViewController.m"; path = "MJPopup/UIViewController+MJPopupViewController.m"; sourceTree = "<group>"; };
		B270E8F71A60E39800FEA5A7 /* MHCustomTabBarController.h */ = {isa = PBXFileReference; fileEncoding = 4; lastKnownFileType = sourcecode.c.h; name = MHCustomTabBarController.h; path = MHCustomTabBarController/MHCustomTabBarController.h; sourceTree = "<group>"; };
		B270E8F81A60E39900FEA5A7 /* MHCustomTabBarController.m */ = {isa = PBXFileReference; fileEncoding = 4; lastKnownFileType = sourcecode.c.objc; name = MHCustomTabBarController.m; path = MHCustomTabBarController/MHCustomTabBarController.m; sourceTree = "<group>"; };
		B270E8F91A60E39900FEA5A7 /* MHTabBarSegue.h */ = {isa = PBXFileReference; fileEncoding = 4; lastKnownFileType = sourcecode.c.h; name = MHTabBarSegue.h; path = MHCustomTabBarController/MHTabBarSegue.h; sourceTree = "<group>"; };
		B270E8FA1A60E39900FEA5A7 /* MHTabBarSegue.m */ = {isa = PBXFileReference; fileEncoding = 4; lastKnownFileType = sourcecode.c.objc; name = MHTabBarSegue.m; path = MHCustomTabBarController/MHTabBarSegue.m; sourceTree = "<group>"; };
		B270E9031A60E63700FEA5A7 /* UpdatePlansPopupSegue.h */ = {isa = PBXFileReference; fileEncoding = 4; lastKnownFileType = sourcecode.c.h; name = UpdatePlansPopupSegue.h; path = Turnt_1/UpdatePlansPopupSegue.h; sourceTree = "<group>"; };
		B270E9041A60E63700FEA5A7 /* UpdatePlansPopupSegue.m */ = {isa = PBXFileReference; fileEncoding = 4; lastKnownFileType = sourcecode.c.objc; name = UpdatePlansPopupSegue.m; path = Turnt_1/UpdatePlansPopupSegue.m; sourceTree = "<group>"; };
		B270E9061A60E8D200FEA5A7 /* Main.storyboard */ = {isa = PBXFileReference; fileEncoding = 4; lastKnownFileType = file.storyboard; name = Main.storyboard; path = Turnt_1/Main.storyboard; sourceTree = "<group>"; };
		B270E90B1A60EA3D00FEA5A7 /* UpdatePlansView.h */ = {isa = PBXFileReference; fileEncoding = 4; lastKnownFileType = sourcecode.c.h; name = UpdatePlansView.h; path = Turnt_1/UpdatePlansView.h; sourceTree = "<group>"; };
		B270E90C1A60EA3D00FEA5A7 /* UpdatePlansView.m */ = {isa = PBXFileReference; fileEncoding = 4; lastKnownFileType = sourcecode.c.objc; name = UpdatePlansView.m; path = Turnt_1/UpdatePlansView.m; sourceTree = "<group>"; };
		B270E9611A62C67100FEA5A7 /* PersonAnnotation.h */ = {isa = PBXFileReference; fileEncoding = 4; lastKnownFileType = sourcecode.c.h; name = PersonAnnotation.h; path = Turnt_1/PersonAnnotation.h; sourceTree = "<group>"; };
		B270E9621A62C67100FEA5A7 /* PersonAnnotation.m */ = {isa = PBXFileReference; fileEncoding = 4; lastKnownFileType = sourcecode.c.objc; name = PersonAnnotation.m; path = Turnt_1/PersonAnnotation.m; sourceTree = "<group>"; };
		B270E9641A62C68700FEA5A7 /* PartyAnnotation.h */ = {isa = PBXFileReference; fileEncoding = 4; lastKnownFileType = sourcecode.c.h; name = PartyAnnotation.h; path = Turnt_1/PartyAnnotation.h; sourceTree = "<group>"; };
		B270E9651A62C68700FEA5A7 /* PartyAnnotation.m */ = {isa = PBXFileReference; fileEncoding = 4; lastKnownFileType = sourcecode.c.objc; name = PartyAnnotation.m; path = Turnt_1/PartyAnnotation.m; sourceTree = "<group>"; };
		B270E9671A62E71700FEA5A7 /* UpdateLocationView.h */ = {isa = PBXFileReference; fileEncoding = 4; lastKnownFileType = sourcecode.c.h; name = UpdateLocationView.h; path = Turnt_1/UpdateLocationView.h; sourceTree = "<group>"; };
		B270E9681A62E71700FEA5A7 /* UpdateLocationView.m */ = {isa = PBXFileReference; fileEncoding = 4; lastKnownFileType = sourcecode.c.objc; name = UpdateLocationView.m; path = Turnt_1/UpdateLocationView.m; sourceTree = "<group>"; };
		B270E96A1A62E75000FEA5A7 /* UpdateLocationPopupSegue.h */ = {isa = PBXFileReference; fileEncoding = 4; lastKnownFileType = sourcecode.c.h; name = UpdateLocationPopupSegue.h; path = Turnt_1/UpdateLocationPopupSegue.h; sourceTree = "<group>"; };
		B270E96B1A62E75000FEA5A7 /* UpdateLocationPopupSegue.m */ = {isa = PBXFileReference; fileEncoding = 4; lastKnownFileType = sourcecode.c.objc; name = UpdateLocationPopupSegue.m; path = Turnt_1/UpdateLocationPopupSegue.m; sourceTree = "<group>"; };
		B28C0AC71A85527C00A86757 /* LocationAccessViewController.h */ = {isa = PBXFileReference; fileEncoding = 4; lastKnownFileType = sourcecode.c.h; name = LocationAccessViewController.h; path = Turnt_1/LocationAccessViewController.h; sourceTree = "<group>"; };
		B28C0AC81A85527C00A86757 /* LocationAccessViewController.m */ = {isa = PBXFileReference; fileEncoding = 4; lastKnownFileType = sourcecode.c.objc; name = LocationAccessViewController.m; path = Turnt_1/LocationAccessViewController.m; sourceTree = "<group>"; };
		B28C0ACA1A855CCC00A86757 /* InitialViewController.h */ = {isa = PBXFileReference; fileEncoding = 4; lastKnownFileType = sourcecode.c.h; name = InitialViewController.h; path = Turnt_1/InitialViewController.h; sourceTree = "<group>"; };
		B28C0ACB1A855CCC00A86757 /* InitialViewController.m */ = {isa = PBXFileReference; fileEncoding = 4; lastKnownFileType = sourcecode.c.objc; name = InitialViewController.m; path = Turnt_1/InitialViewController.m; sourceTree = "<group>"; };
		B28C0ACD1A857B2600A86757 /* ContactAccessCell.h */ = {isa = PBXFileReference; fileEncoding = 4; lastKnownFileType = sourcecode.c.h; name = ContactAccessCell.h; path = Turnt_1/ContactAccessCell.h; sourceTree = "<group>"; };
		B28C0ACE1A857B2600A86757 /* ContactAccessCell.m */ = {isa = PBXFileReference; fileEncoding = 4; lastKnownFileType = sourcecode.c.objc; name = ContactAccessCell.m; path = Turnt_1/ContactAccessCell.m; sourceTree = "<group>"; };
		B28C0AD01A85971000A86757 /* ContactAccessViewController.h */ = {isa = PBXFileReference; fileEncoding = 4; lastKnownFileType = sourcecode.c.h; name = ContactAccessViewController.h; path = Turnt_1/ContactAccessViewController.h; sourceTree = "<group>"; };
		B28C0AD11A85971000A86757 /* ContactAccessViewController.m */ = {isa = PBXFileReference; fileEncoding = 4; lastKnownFileType = sourcecode.c.objc; name = ContactAccessViewController.m; path = Turnt_1/ContactAccessViewController.m; sourceTree = "<group>"; };
		B29CEDBA1A573B8C0076F213 /* RBStoryboardLink.h */ = {isa = PBXFileReference; fileEncoding = 4; lastKnownFileType = sourcecode.c.h; name = RBStoryboardLink.h; path = "Storyboard Link Classes/RBStoryboardLink.h"; sourceTree = "<group>"; };
		B29CEDBB1A573B8C0076F213 /* RBStoryboardLink.m */ = {isa = PBXFileReference; fileEncoding = 4; lastKnownFileType = sourcecode.c.objc; name = RBStoryboardLink.m; path = "Storyboard Link Classes/RBStoryboardLink.m"; sourceTree = "<group>"; };
		B29CEDBC1A573B8C0076F213 /* RBStoryboardLinkSource.h */ = {isa = PBXFileReference; fileEncoding = 4; lastKnownFileType = sourcecode.c.h; name = RBStoryboardLinkSource.h; path = "Storyboard Link Classes/RBStoryboardLinkSource.h"; sourceTree = "<group>"; };
		B29CEDBD1A573B8C0076F213 /* RBStoryboardModalSegue.h */ = {isa = PBXFileReference; fileEncoding = 4; lastKnownFileType = sourcecode.c.h; name = RBStoryboardModalSegue.h; path = "Storyboard Link Classes/RBStoryboardModalSegue.h"; sourceTree = "<group>"; };
		B29CEDBE1A573B8C0076F213 /* RBStoryboardModalSegue.m */ = {isa = PBXFileReference; fileEncoding = 4; lastKnownFileType = sourcecode.c.objc; name = RBStoryboardModalSegue.m; path = "Storyboard Link Classes/RBStoryboardModalSegue.m"; sourceTree = "<group>"; };
		B29CEDBF1A573B8C0076F213 /* RBStoryboardPopoverSegue.h */ = {isa = PBXFileReference; fileEncoding = 4; lastKnownFileType = sourcecode.c.h; name = RBStoryboardPopoverSegue.h; path = "Storyboard Link Classes/RBStoryboardPopoverSegue.h"; sourceTree = "<group>"; };
		B29CEDC01A573B8C0076F213 /* RBStoryboardPopoverSegue.m */ = {isa = PBXFileReference; fileEncoding = 4; lastKnownFileType = sourcecode.c.objc; name = RBStoryboardPopoverSegue.m; path = "Storyboard Link Classes/RBStoryboardPopoverSegue.m"; sourceTree = "<group>"; };
		B29CEDC11A573B8C0076F213 /* RBStoryboardPushSegue.h */ = {isa = PBXFileReference; fileEncoding = 4; lastKnownFileType = sourcecode.c.h; name = RBStoryboardPushSegue.h; path = "Storyboard Link Classes/RBStoryboardPushSegue.h"; sourceTree = "<group>"; };
		B29CEDC21A573B8C0076F213 /* RBStoryboardPushSegue.m */ = {isa = PBXFileReference; fileEncoding = 4; lastKnownFileType = sourcecode.c.objc; name = RBStoryboardPushSegue.m; path = "Storyboard Link Classes/RBStoryboardPushSegue.m"; sourceTree = "<group>"; };
		B29CEDC31A573B8C0076F213 /* RBStoryboardSegue.h */ = {isa = PBXFileReference; fileEncoding = 4; lastKnownFileType = sourcecode.c.h; name = RBStoryboardSegue.h; path = "Storyboard Link Classes/RBStoryboardSegue.h"; sourceTree = "<group>"; };
		B29CEDC41A573B8C0076F213 /* RBStoryboardSegue.m */ = {isa = PBXFileReference; fileEncoding = 4; lastKnownFileType = sourcecode.c.objc; name = RBStoryboardSegue.m; path = "Storyboard Link Classes/RBStoryboardSegue.m"; sourceTree = "<group>"; };
		B29CEDC51A573B8C0076F213 /* UIViewController+RBStoryboardLink.h */ = {isa = PBXFileReference; fileEncoding = 4; lastKnownFileType = sourcecode.c.h; name = "UIViewController+RBStoryboardLink.h"; path = "Storyboard Link Classes/UIViewController+RBStoryboardLink.h"; sourceTree = "<group>"; };
		B29CEDC61A573B8C0076F213 /* UIViewController+RBStoryboardLink.m */ = {isa = PBXFileReference; fileEncoding = 4; lastKnownFileType = sourcecode.c.objc; name = "UIViewController+RBStoryboardLink.m"; path = "Storyboard Link Classes/UIViewController+RBStoryboardLink.m"; sourceTree = "<group>"; };
		B2D6F6981A58788A00185D32 /* RECommonFunctions.h */ = {isa = PBXFileReference; fileEncoding = 4; lastKnownFileType = sourcecode.c.h; name = RECommonFunctions.h; path = RESideMenu/RECommonFunctions.h; sourceTree = "<group>"; };
		B2D6F6991A58788A00185D32 /* RECommonFunctions.m */ = {isa = PBXFileReference; fileEncoding = 4; lastKnownFileType = sourcecode.c.objc; name = RECommonFunctions.m; path = RESideMenu/RECommonFunctions.m; sourceTree = "<group>"; };
		B2D6F69A1A58788A00185D32 /* RESideMenu.h */ = {isa = PBXFileReference; fileEncoding = 4; lastKnownFileType = sourcecode.c.h; name = RESideMenu.h; path = RESideMenu/RESideMenu.h; sourceTree = "<group>"; };
		B2D6F69B1A58788A00185D32 /* RESideMenu.m */ = {isa = PBXFileReference; fileEncoding = 4; lastKnownFileType = sourcecode.c.objc; name = RESideMenu.m; path = RESideMenu/RESideMenu.m; sourceTree = "<group>"; };
		B2D6F69C1A58788A00185D32 /* UIViewController+RESideMenu.h */ = {isa = PBXFileReference; fileEncoding = 4; lastKnownFileType = sourcecode.c.h; name = "UIViewController+RESideMenu.h"; path = "RESideMenu/UIViewController+RESideMenu.h"; sourceTree = "<group>"; };
		B2D6F69D1A58788A00185D32 /* UIViewController+RESideMenu.m */ = {isa = PBXFileReference; fileEncoding = 4; lastKnownFileType = sourcecode.c.objc; name = "UIViewController+RESideMenu.m"; path = "RESideMenu/UIViewController+RESideMenu.m"; sourceTree = "<group>"; };
		B2D6F6AF1A5880DA00185D32 /* MainViewController.h */ = {isa = PBXFileReference; fileEncoding = 4; lastKnownFileType = sourcecode.c.h; name = MainViewController.h; path = Turnt_1/MainViewController.h; sourceTree = "<group>"; };
		B2D6F6B01A5880DA00185D32 /* MainViewController.m */ = {isa = PBXFileReference; fileEncoding = 4; lastKnownFileType = sourcecode.c.objc; name = MainViewController.m; path = Turnt_1/MainViewController.m; sourceTree = "<group>"; };
		B2D6F6B11A5880DA00185D32 /* LeftMenuViewController.h */ = {isa = PBXFileReference; fileEncoding = 4; lastKnownFileType = sourcecode.c.h; name = LeftMenuViewController.h; path = Turnt_1/LeftMenuViewController.h; sourceTree = "<group>"; };
		B2D6F6B21A5880DA00185D32 /* LeftMenuViewController.m */ = {isa = PBXFileReference; fileEncoding = 4; lastKnownFileType = sourcecode.c.objc; name = LeftMenuViewController.m; path = Turnt_1/LeftMenuViewController.m; sourceTree = "<group>"; };
		B2D6F6B31A5880DA00185D32 /* RightMenuViewController.h */ = {isa = PBXFileReference; fileEncoding = 4; lastKnownFileType = sourcecode.c.h; name = RightMenuViewController.h; path = Turnt_1/RightMenuViewController.h; sourceTree = "<group>"; };
		B2D6F6B41A5880DA00185D32 /* RightMenuViewController.m */ = {isa = PBXFileReference; fileEncoding = 4; lastKnownFileType = sourcecode.c.objc; name = RightMenuViewController.m; path = Turnt_1/RightMenuViewController.m; sourceTree = "<group>"; };
		B2D6F6B51A5880DA00185D32 /* RootViewController.h */ = {isa = PBXFileReference; fileEncoding = 4; lastKnownFileType = sourcecode.c.h; name = RootViewController.h; path = Turnt_1/RootViewController.h; sourceTree = "<group>"; };
		B2D6F6B61A5880DA00185D32 /* RootViewController.m */ = {isa = PBXFileReference; fileEncoding = 4; lastKnownFileType = sourcecode.c.objc; name = RootViewController.m; path = Turnt_1/RootViewController.m; sourceTree = "<group>"; };
		B2D6F6B71A5880DA00185D32 /* MapViewController.h */ = {isa = PBXFileReference; fileEncoding = 4; lastKnownFileType = sourcecode.c.h; name = MapViewController.h; path = Turnt_1/MapViewController.h; sourceTree = "<group>"; };
		B2D6F6B81A5880DA00185D32 /* MapViewController.m */ = {isa = PBXFileReference; fileEncoding = 4; lastKnownFileType = sourcecode.c.objc; name = MapViewController.m; path = Turnt_1/MapViewController.m; sourceTree = "<group>"; };
		B2D6F6C51A58DCCB00185D32 /* CliquesTabBarController.h */ = {isa = PBXFileReference; fileEncoding = 4; lastKnownFileType = sourcecode.c.h; name = CliquesTabBarController.h; path = MHCustomTabBarController/CliquesTabBarController.h; sourceTree = "<group>"; };
		B2D6F6C61A58DCCB00185D32 /* CliquesTabBarController.m */ = {isa = PBXFileReference; fileEncoding = 4; lastKnownFileType = sourcecode.c.objc; name = CliquesTabBarController.m; path = MHCustomTabBarController/CliquesTabBarController.m; sourceTree = "<group>"; };
		B2D6F6C71A58DCCB00185D32 /* CliquesTabBarSegue.h */ = {isa = PBXFileReference; fileEncoding = 4; lastKnownFileType = sourcecode.c.h; name = CliquesTabBarSegue.h; path = MHCustomTabBarController/CliquesTabBarSegue.h; sourceTree = "<group>"; };
		B2D6F6C81A58DCCB00185D32 /* CliquesTabBarSegue.m */ = {isa = PBXFileReference; fileEncoding = 4; lastKnownFileType = sourcecode.c.objc; name = CliquesTabBarSegue.m; path = MHCustomTabBarController/CliquesTabBarSegue.m; sourceTree = "<group>"; };
		B2D6F6CE1A58F80600185D32 /* NewClique.storyboard */ = {isa = PBXFileReference; fileEncoding = 4; lastKnownFileType = file.storyboard; name = NewClique.storyboard; path = Turnt_1/NewClique.storyboard; sourceTree = "<group>"; };
		B2D6F6D01A58FC1300185D32 /* JSStoryboardPopPresentSegue.h */ = {isa = PBXFileReference; fileEncoding = 4; lastKnownFileType = sourcecode.c.h; name = JSStoryboardPopPresentSegue.h; path = Turnt_1/JSStoryboardPopPresentSegue.h; sourceTree = "<group>"; };
		B2D6F6D11A58FC1300185D32 /* JSStoryboardPopPresentSegue.m */ = {isa = PBXFileReference; fileEncoding = 4; lastKnownFileType = sourcecode.c.objc; name = JSStoryboardPopPresentSegue.m; path = Turnt_1/JSStoryboardPopPresentSegue.m; sourceTree = "<group>"; };
		B2D6F6D31A58FEAF00185D32 /* ManageCliquesViewController.h */ = {isa = PBXFileReference; fileEncoding = 4; lastKnownFileType = sourcecode.c.h; name = ManageCliquesViewController.h; path = Turnt_1/ManageCliquesViewController.h; sourceTree = "<group>"; };
		B2D6F6D41A58FEAF00185D32 /* ManageCliquesViewController.m */ = {isa = PBXFileReference; fileEncoding = 4; lastKnownFileType = sourcecode.c.objc; name = ManageCliquesViewController.m; path = Turnt_1/ManageCliquesViewController.m; sourceTree = "<group>"; };
		B2D6F6D71A58FFA000185D32 /* ManageFriendsViewController.h */ = {isa = PBXFileReference; fileEncoding = 4; lastKnownFileType = sourcecode.c.h; name = ManageFriendsViewController.h; path = Turnt_1/ManageFriendsViewController.h; sourceTree = "<group>"; };
		B2D6F6D81A58FFA000185D32 /* ManageFriendsViewController.m */ = {isa = PBXFileReference; fileEncoding = 4; lastKnownFileType = sourcecode.c.objc; name = ManageFriendsViewController.m; path = Turnt_1/ManageFriendsViewController.m; sourceTree = "<group>"; };
		B2D6F6DA1A59049200185D32 /* CliqueCell.h */ = {isa = PBXFileReference; fileEncoding = 4; lastKnownFileType = sourcecode.c.h; name = CliqueCell.h; path = Turnt_1/CliqueCell.h; sourceTree = "<group>"; };
		B2D6F6DB1A59049200185D32 /* CliqueCell.m */ = {isa = PBXFileReference; fileEncoding = 4; lastKnownFileType = sourcecode.c.objc; name = CliqueCell.m; path = Turnt_1/CliqueCell.m; sourceTree = "<group>"; };
		B2D6F6DD1A5904AC00185D32 /* FriendCell.h */ = {isa = PBXFileReference; fileEncoding = 4; lastKnownFileType = sourcecode.c.h; name = FriendCell.h; path = Turnt_1/FriendCell.h; sourceTree = "<group>"; };
		B2D6F6DE1A5904AC00185D32 /* FriendCell.m */ = {isa = PBXFileReference; fileEncoding = 4; lastKnownFileType = sourcecode.c.objc; name = FriendCell.m; path = Turnt_1/FriendCell.m; sourceTree = "<group>"; };
		B2D73B891A5A23E5005C3F89 /* MapKit.framework */ = {isa = PBXFileReference; lastKnownFileType = wrapper.framework; name = MapKit.framework; path = System/Library/Frameworks/MapKit.framework; sourceTree = SDKROOT; };
		B2D73B921A5B8D15005C3F89 /* ActivityCell.h */ = {isa = PBXFileReference; fileEncoding = 4; lastKnownFileType = sourcecode.c.h; name = ActivityCell.h; path = Turnt_1/ActivityCell.h; sourceTree = "<group>"; };
		B2D73B931A5B8D15005C3F89 /* ActivityCell.m */ = {isa = PBXFileReference; fileEncoding = 4; lastKnownFileType = sourcecode.c.objc; name = ActivityCell.m; path = Turnt_1/ActivityCell.m; sourceTree = "<group>"; };
		B2D73B951A5B9E14005C3F89 /* FriendsModel.h */ = {isa = PBXFileReference; fileEncoding = 4; lastKnownFileType = sourcecode.c.h; name = FriendsModel.h; path = Turnt_1/FriendsModel.h; sourceTree = "<group>"; };
		B2D73B961A5B9E14005C3F89 /* FriendsModel.m */ = {isa = PBXFileReference; fileEncoding = 4; lastKnownFileType = sourcecode.c.objc; name = FriendsModel.m; path = Turnt_1/FriendsModel.m; sourceTree = "<group>"; };
		B2E41D311A54BDD400D03B2E /* Turnt_1.app */ = {isa = PBXFileReference; explicitFileType = wrapper.application; includeInIndex = 0; path = Turnt_1.app; sourceTree = BUILT_PRODUCTS_DIR; };
		B2E41D351A54BDD400D03B2E /* Info.plist */ = {isa = PBXFileReference; lastKnownFileType = text.plist.xml; path = Info.plist; sourceTree = "<group>"; };
		B2E41D361A54BDD400D03B2E /* main.m */ = {isa = PBXFileReference; lastKnownFileType = sourcecode.c.objc; path = main.m; sourceTree = "<group>"; };
		B2E41D411A54BDD400D03B2E /* Images.xcassets */ = {isa = PBXFileReference; lastKnownFileType = folder.assetcatalog; path = Images.xcassets; sourceTree = "<group>"; };
		B2E41D5E1A54BE9F00D03B2E /* LaunchScreen.xib */ = {isa = PBXFileReference; fileEncoding = 4; lastKnownFileType = file.xib; name = LaunchScreen.xib; path = Turnt_1/LaunchScreen.xib; sourceTree = "<group>"; };
		B2E41D6D1A54BECC00D03B2E /* AppDelegate.h */ = {isa = PBXFileReference; fileEncoding = 4; lastKnownFileType = sourcecode.c.h; name = AppDelegate.h; path = Turnt_1/AppDelegate.h; sourceTree = "<group>"; };
		B2E41D6E1A54BECC00D03B2E /* AppDelegate.m */ = {isa = PBXFileReference; fileEncoding = 4; lastKnownFileType = sourcecode.c.objc; name = AppDelegate.m; path = Turnt_1/AppDelegate.m; sourceTree = "<group>"; };
		B2E41D711A54BFD800D03B2E /* FindFriendsTableViewController.h */ = {isa = PBXFileReference; fileEncoding = 4; lastKnownFileType = sourcecode.c.h; name = FindFriendsTableViewController.h; path = Turnt_1/FindFriendsTableViewController.h; sourceTree = "<group>"; };
		B2E41D721A54BFD800D03B2E /* FindFriendsTableViewController.m */ = {isa = PBXFileReference; fileEncoding = 4; lastKnownFileType = sourcecode.c.objc; name = FindFriendsTableViewController.m; path = Turnt_1/FindFriendsTableViewController.m; sourceTree = "<group>"; };
		B2E41D731A54BFD800D03B2E /* LoginViewController.h */ = {isa = PBXFileReference; fileEncoding = 4; lastKnownFileType = sourcecode.c.h; name = LoginViewController.h; path = Turnt_1/LoginViewController.h; sourceTree = "<group>"; };
		B2E41D741A54BFD800D03B2E /* LoginViewController.m */ = {isa = PBXFileReference; fileEncoding = 4; lastKnownFileType = sourcecode.c.objc; name = LoginViewController.m; path = Turnt_1/LoginViewController.m; sourceTree = "<group>"; };
		B2E41D751A54BFD800D03B2E /* RegisteringViewController.m */ = {isa = PBXFileReference; fileEncoding = 4; lastKnownFileType = sourcecode.c.objc; name = RegisteringViewController.m; path = Turnt_1/RegisteringViewController.m; sourceTree = "<group>"; };
		B2E41D761A54BFD800D03B2E /* TableCell.h */ = {isa = PBXFileReference; fileEncoding = 4; lastKnownFileType = sourcecode.c.h; name = TableCell.h; path = Turnt_1/TableCell.h; sourceTree = "<group>"; };
		B2E41D771A54BFD800D03B2E /* TableCell.m */ = {isa = PBXFileReference; fileEncoding = 4; lastKnownFileType = sourcecode.c.objc; name = TableCell.m; path = Turnt_1/TableCell.m; sourceTree = "<group>"; };
		B2E41D7D1A54C02800D03B2E /* Bolts.framework */ = {isa = PBXFileReference; lastKnownFileType = wrapper.framework; name = Bolts.framework; path = "parse-library-1.5.0/Bolts.framework"; sourceTree = "<group>"; };
		B2E41D7F1A54C02E00D03B2E /* Parse.framework */ = {isa = PBXFileReference; lastKnownFileType = wrapper.framework; name = Parse.framework; path = "parse-library-1.5.0/Parse.framework"; sourceTree = "<group>"; };
		B2E41D811A54C03200D03B2E /* ParseFacebookUtils.framework */ = {isa = PBXFileReference; lastKnownFileType = wrapper.framework; name = ParseFacebookUtils.framework; path = "parse-library-1.5.0/ParseFacebookUtils.framework"; sourceTree = "<group>"; };
		B2E41D831A54C03900D03B2E /* ParseUI.framework */ = {isa = PBXFileReference; lastKnownFileType = wrapper.framework; name = ParseUI.framework; path = "parse-library-1.5.0/ParseUI.framework"; sourceTree = "<group>"; };
		B2E41D851A54C05500D03B2E /* Accounts.framework */ = {isa = PBXFileReference; lastKnownFileType = wrapper.framework; name = Accounts.framework; path = System/Library/Frameworks/Accounts.framework; sourceTree = SDKROOT; };
		B2E41D871A54C05B00D03B2E /* AddressBook.framework */ = {isa = PBXFileReference; lastKnownFileType = wrapper.framework; name = AddressBook.framework; path = System/Library/Frameworks/AddressBook.framework; sourceTree = SDKROOT; };
		B2E41D891A54C05F00D03B2E /* AddressBookUI.framework */ = {isa = PBXFileReference; lastKnownFileType = wrapper.framework; name = AddressBookUI.framework; path = System/Library/Frameworks/AddressBookUI.framework; sourceTree = SDKROOT; };
		B2E41D8B1A54C06900D03B2E /* AudioToolbox.framework */ = {isa = PBXFileReference; lastKnownFileType = wrapper.framework; name = AudioToolbox.framework; path = System/Library/Frameworks/AudioToolbox.framework; sourceTree = SDKROOT; };
		B2E41D8D1A54C07300D03B2E /* CFNetwork.framework */ = {isa = PBXFileReference; lastKnownFileType = wrapper.framework; name = CFNetwork.framework; path = System/Library/Frameworks/CFNetwork.framework; sourceTree = SDKROOT; };
		B2E41D8F1A54C07B00D03B2E /* CoreGraphics.framework */ = {isa = PBXFileReference; lastKnownFileType = wrapper.framework; name = CoreGraphics.framework; path = System/Library/Frameworks/CoreGraphics.framework; sourceTree = SDKROOT; };
		B2E41D911A54C08200D03B2E /* CoreLocation.framework */ = {isa = PBXFileReference; lastKnownFileType = wrapper.framework; name = CoreLocation.framework; path = System/Library/Frameworks/CoreLocation.framework; sourceTree = SDKROOT; };
		B2E41D931A54C08A00D03B2E /* MobileCoreServices.framework */ = {isa = PBXFileReference; lastKnownFileType = wrapper.framework; name = MobileCoreServices.framework; path = System/Library/Frameworks/MobileCoreServices.framework; sourceTree = SDKROOT; };
		B2E41D951A54C09500D03B2E /* QuartzCore.framework */ = {isa = PBXFileReference; lastKnownFileType = wrapper.framework; name = QuartzCore.framework; path = System/Library/Frameworks/QuartzCore.framework; sourceTree = SDKROOT; };
		B2E41D971A54C09D00D03B2E /* Security.framework */ = {isa = PBXFileReference; lastKnownFileType = wrapper.framework; name = Security.framework; path = System/Library/Frameworks/Security.framework; sourceTree = SDKROOT; };
		B2E41D991A54C0A400D03B2E /* Social.framework */ = {isa = PBXFileReference; lastKnownFileType = wrapper.framework; name = Social.framework; path = System/Library/Frameworks/Social.framework; sourceTree = SDKROOT; };
		B2E41D9B1A54C0AD00D03B2E /* StoreKit.framework */ = {isa = PBXFileReference; lastKnownFileType = wrapper.framework; name = StoreKit.framework; path = System/Library/Frameworks/StoreKit.framework; sourceTree = SDKROOT; };
		B2E41D9D1A54C0B600D03B2E /* SystemConfiguration.framework */ = {isa = PBXFileReference; lastKnownFileType = wrapper.framework; name = SystemConfiguration.framework; path = System/Library/Frameworks/SystemConfiguration.framework; sourceTree = SDKROOT; };
		B2E41D9F1A54C0BD00D03B2E /* libsqlite3.dylib */ = {isa = PBXFileReference; lastKnownFileType = "compiled.mach-o.dylib"; name = libsqlite3.dylib; path = usr/lib/libsqlite3.dylib; sourceTree = SDKROOT; };
		B2E41DA11A54C0C800D03B2E /* libz.dylib */ = {isa = PBXFileReference; lastKnownFileType = "compiled.mach-o.dylib"; name = libz.dylib; path = usr/lib/libz.dylib; sourceTree = SDKROOT; };
		B2E41DA31A54C21500D03B2E /* LoginReg.storyboard */ = {isa = PBXFileReference; fileEncoding = 4; lastKnownFileType = file.storyboard; name = LoginReg.storyboard; path = Turnt_1/LoginReg.storyboard; sourceTree = "<group>"; };
		B2E41DA71A54C2D800D03B2E /* RegisteringViewController.h */ = {isa = PBXFileReference; fileEncoding = 4; lastKnownFileType = sourcecode.c.h; name = RegisteringViewController.h; path = Turnt_1/RegisteringViewController.h; sourceTree = "<group>"; };
		B2FED4831A69998500A22818 /* FriendCliqueCell.h */ = {isa = PBXFileReference; fileEncoding = 4; lastKnownFileType = sourcecode.c.h; name = FriendCliqueCell.h; path = Turnt_1/FriendCliqueCell.h; sourceTree = "<group>"; };
		B2FED4841A69998500A22818 /* FriendCliqueCell.m */ = {isa = PBXFileReference; fileEncoding = 4; lastKnownFileType = sourcecode.c.objc; name = FriendCliqueCell.m; path = Turnt_1/FriendCliqueCell.m; sourceTree = "<group>"; };
		B2FED4861A69D48000A22818 /* BackgroundTaskManager.h */ = {isa = PBXFileReference; fileEncoding = 4; lastKnownFileType = sourcecode.c.h; name = BackgroundTaskManager.h; path = Location/BackgroundTaskManager.h; sourceTree = "<group>"; };
		B2FED4871A69D48000A22818 /* BackgroundTaskManager.m */ = {isa = PBXFileReference; fileEncoding = 4; lastKnownFileType = sourcecode.c.objc; name = BackgroundTaskManager.m; path = Location/BackgroundTaskManager.m; sourceTree = "<group>"; };
		B2FED4891A69D48000A22818 /* LocationShareModel.h */ = {isa = PBXFileReference; fileEncoding = 4; lastKnownFileType = sourcecode.c.h; name = LocationShareModel.h; path = Location/LocationShareModel.h; sourceTree = "<group>"; };
		B2FED48A1A69D48000A22818 /* LocationShareModel.m */ = {isa = PBXFileReference; fileEncoding = 4; lastKnownFileType = sourcecode.c.objc; name = LocationShareModel.m; path = Location/LocationShareModel.m; sourceTree = "<group>"; };
		B2FED48B1A69D48000A22818 /* LocationTracker.h */ = {isa = PBXFileReference; fileEncoding = 4; lastKnownFileType = sourcecode.c.h; name = LocationTracker.h; path = Location/LocationTracker.h; sourceTree = "<group>"; };
		B2FED48C1A69D48000A22818 /* LocationTracker.m */ = {isa = PBXFileReference; fileEncoding = 4; lastKnownFileType = sourcecode.c.objc; name = LocationTracker.m; path = Location/LocationTracker.m; sourceTree = "<group>"; };
/* End PBXFileReference section */

/* Begin PBXFrameworksBuildPhase section */
		B2E41D2E1A54BDD400D03B2E /* Frameworks */ = {
			isa = PBXFrameworksBuildPhase;
			buildActionMask = 2147483647;
			files = (
				B2D73B8A1A5A23E5005C3F89 /* MapKit.framework in Frameworks */,
				B2E41DA21A54C0C800D03B2E /* libz.dylib in Frameworks */,
				B2E41DA01A54C0BD00D03B2E /* libsqlite3.dylib in Frameworks */,
				B2E41D9E1A54C0B600D03B2E /* SystemConfiguration.framework in Frameworks */,
				B2E41D9C1A54C0AD00D03B2E /* StoreKit.framework in Frameworks */,
				B2E41D9A1A54C0A400D03B2E /* Social.framework in Frameworks */,
				B2E41D981A54C09D00D03B2E /* Security.framework in Frameworks */,
				B2E41D961A54C09500D03B2E /* QuartzCore.framework in Frameworks */,
				B2E41D941A54C08A00D03B2E /* MobileCoreServices.framework in Frameworks */,
				B2E41D921A54C08200D03B2E /* CoreLocation.framework in Frameworks */,
				B2E41D901A54C07B00D03B2E /* CoreGraphics.framework in Frameworks */,
				B2E41D8E1A54C07300D03B2E /* CFNetwork.framework in Frameworks */,
				B2E41D8C1A54C06900D03B2E /* AudioToolbox.framework in Frameworks */,
				B2E41D8A1A54C05F00D03B2E /* AddressBookUI.framework in Frameworks */,
				B2E41D881A54C05B00D03B2E /* AddressBook.framework in Frameworks */,
				B2E41D861A54C05500D03B2E /* Accounts.framework in Frameworks */,
				B2E41D801A54C02E00D03B2E /* Parse.framework in Frameworks */,
				B2E41D7E1A54C02800D03B2E /* Bolts.framework in Frameworks */,
				B2E41D841A54C03900D03B2E /* ParseUI.framework in Frameworks */,
				B2E41D821A54C03200D03B2E /* ParseFacebookUtils.framework in Frameworks */,
			);
			runOnlyForDeploymentPostprocessing = 0;
		};
/* End PBXFrameworksBuildPhase section */

/* Begin PBXGroup section */
		B227E4851A729DCD00F05C5E /* Map Clustering */ = {
			isa = PBXGroup;
			children = (
			);
			name = "Map Clustering";
			sourceTree = "<group>";
		};
		B236EC551A57025D0060EDF1 /* Main Controller */ = {
			isa = PBXGroup;
			children = (
				B2D6F6B51A5880DA00185D32 /* RootViewController.h */,
				B2D6F6B61A5880DA00185D32 /* RootViewController.m */,
				B2D6F6B11A5880DA00185D32 /* LeftMenuViewController.h */,
				B2D6F6B21A5880DA00185D32 /* LeftMenuViewController.m */,
				B2D6F6B31A5880DA00185D32 /* RightMenuViewController.h */,
				B2D6F6B41A5880DA00185D32 /* RightMenuViewController.m */,
			);
			name = "Main Controller";
			sourceTree = "<group>";
		};
		B26C56B51A5A06050075AEA1 /* Settings */ = {
			isa = PBXGroup;
			children = (
				B227E4921A73279200F05C5E /* LocationCell.h */,
				B227E4931A73279200F05C5E /* LocationCell.m */,
				B227E4891A72C8AA00F05C5E /* ManageLocationsViewController.h */,
				B227E48A1A72C8AA00F05C5E /* ManageLocationsViewController.m */,
				B227E48F1A72EE0100F05C5E /* FeedBackViewController.h */,
				B227E4901A72EE0100F05C5E /* FeedBackViewController.m */,
				B227E48C1A72ECA900F05C5E /* HelpViewController.h */,
				B227E48D1A72ECA900F05C5E /* HelpViewController.m */,
				B227E4861A72B8D000F05C5E /* SettingsCell.h */,
				B227E4871A72B8D000F05C5E /* SettingsCell.m */,
				B26C56B21A5A06020075AEA1 /* SettingsViewController.h */,
				B26C56B31A5A06020075AEA1 /* SettingsViewController.m */,
			);
			name = Settings;
			sourceTree = "<group>";
		};
		B270E8ED1A607FE800FEA5A7 /* MJPopupController */ = {
			isa = PBXGroup;
			children = (
				B270E8E71A607FE400FEA5A7 /* MJPopupBackgroundView.h */,
				B270E8E81A607FE400FEA5A7 /* MJPopupBackgroundView.m */,
				B270E8E91A607FE400FEA5A7 /* UIViewController+MJPopupViewController.h */,
				B270E8EA1A607FE400FEA5A7 /* UIViewController+MJPopupViewController.m */,
			);
			name = MJPopupController;
			sourceTree = "<group>";
		};
		B29CEDCD1A573B900076F213 /* Storyboard Link */ = {
			isa = PBXGroup;
			children = (
				B29CEDBA1A573B8C0076F213 /* RBStoryboardLink.h */,
				B29CEDBB1A573B8C0076F213 /* RBStoryboardLink.m */,
				B29CEDBC1A573B8C0076F213 /* RBStoryboardLinkSource.h */,
				B29CEDBD1A573B8C0076F213 /* RBStoryboardModalSegue.h */,
				B29CEDBE1A573B8C0076F213 /* RBStoryboardModalSegue.m */,
				B2D6F6D01A58FC1300185D32 /* JSStoryboardPopPresentSegue.h */,
				B2D6F6D11A58FC1300185D32 /* JSStoryboardPopPresentSegue.m */,
				B29CEDBF1A573B8C0076F213 /* RBStoryboardPopoverSegue.h */,
				B29CEDC01A573B8C0076F213 /* RBStoryboardPopoverSegue.m */,
				B29CEDC11A573B8C0076F213 /* RBStoryboardPushSegue.h */,
				B29CEDC21A573B8C0076F213 /* RBStoryboardPushSegue.m */,
				B29CEDC31A573B8C0076F213 /* RBStoryboardSegue.h */,
				B29CEDC41A573B8C0076F213 /* RBStoryboardSegue.m */,
				B29CEDC51A573B8C0076F213 /* UIViewController+RBStoryboardLink.h */,
				B29CEDC61A573B8C0076F213 /* UIViewController+RBStoryboardLink.m */,
			);
			name = "Storyboard Link";
			sourceTree = "<group>";
		};
		B2D6F6971A58787800185D32 /* RESideMenu */ = {
			isa = PBXGroup;
			children = (
				B2D6F6981A58788A00185D32 /* RECommonFunctions.h */,
				B2D6F6991A58788A00185D32 /* RECommonFunctions.m */,
				B2D6F69A1A58788A00185D32 /* RESideMenu.h */,
				B2D6F69B1A58788A00185D32 /* RESideMenu.m */,
				B2D6F69C1A58788A00185D32 /* UIViewController+RESideMenu.h */,
				B2D6F69D1A58788A00185D32 /* UIViewController+RESideMenu.m */,
			);
			name = RESideMenu;
			sourceTree = "<group>";
		};
		B2D6F6C41A58DCB200185D32 /* MHCustomTabBarController */ = {
			isa = PBXGroup;
			children = (
				B270E8F71A60E39800FEA5A7 /* MHCustomTabBarController.h */,
				B270E8F81A60E39900FEA5A7 /* MHCustomTabBarController.m */,
				B270E8F91A60E39900FEA5A7 /* MHTabBarSegue.h */,
				B270E8FA1A60E39900FEA5A7 /* MHTabBarSegue.m */,
			);
			name = MHCustomTabBarController;
			sourceTree = "<group>";
		};
		B2D6F6CB1A58EA5D00185D32 /* Manage Cliques/Friends */ = {
			isa = PBXGroup;
			children = (
				B2D6F6DA1A59049200185D32 /* CliqueCell.h */,
				B2D6F6DB1A59049200185D32 /* CliqueCell.m */,
				B2D6F6D31A58FEAF00185D32 /* ManageCliquesViewController.h */,
				B2D6F6D41A58FEAF00185D32 /* ManageCliquesViewController.m */,
				B2FED4831A69998500A22818 /* FriendCliqueCell.h */,
				B2FED4841A69998500A22818 /* FriendCliqueCell.m */,
				B26C56AF1A59D39E0075AEA1 /* NewCliqueViewController.h */,
				B26C56B01A59D39E0075AEA1 /* NewCliqueViewController.m */,
				B2D6F6DD1A5904AC00185D32 /* FriendCell.h */,
				B2D6F6DE1A5904AC00185D32 /* FriendCell.m */,
				B2D6F6D71A58FFA000185D32 /* ManageFriendsViewController.h */,
				B2D6F6D81A58FFA000185D32 /* ManageFriendsViewController.m */,
				B2D6F6D61A58FED500185D32 /* Tab Bar */,
			);
			name = "Manage Cliques/Friends";
			sourceTree = "<group>";
		};
		B2D6F6CC1A58EA9900185D32 /* Map */ = {
			isa = PBXGroup;
			children = (
				B270E9641A62C68700FEA5A7 /* PartyAnnotation.h */,
				B270E9651A62C68700FEA5A7 /* PartyAnnotation.m */,
				B270E9611A62C67100FEA5A7 /* PersonAnnotation.h */,
				B270E9621A62C67100FEA5A7 /* PersonAnnotation.m */,
				B2D6F6B71A5880DA00185D32 /* MapViewController.h */,
				B2D6F6B81A5880DA00185D32 /* MapViewController.m */,
			);
			name = Map;
			sourceTree = "<group>";
		};
		B2D6F6CD1A58EAAB00185D32 /* Activity Feed */ = {
			isa = PBXGroup;
			children = (
				B28C0ACD1A857B2600A86757 /* ContactAccessCell.h */,
				B28C0ACE1A857B2600A86757 /* ContactAccessCell.m */,
				B222B26E1A7D70880025DDCF /* YouCell.h */,
				B222B26F1A7D70880025DDCF /* YouCell.m */,
				B2D73B921A5B8D15005C3F89 /* ActivityCell.h */,
				B2D73B931A5B8D15005C3F89 /* ActivityCell.m */,
				B270E90B1A60EA3D00FEA5A7 /* UpdatePlansView.h */,
				B270E90C1A60EA3D00FEA5A7 /* UpdatePlansView.m */,
				B270E9031A60E63700FEA5A7 /* UpdatePlansPopupSegue.h */,
				B270E9041A60E63700FEA5A7 /* UpdatePlansPopupSegue.m */,
				B270E9671A62E71700FEA5A7 /* UpdateLocationView.h */,
				B270E9681A62E71700FEA5A7 /* UpdateLocationView.m */,
				B270E96A1A62E75000FEA5A7 /* UpdateLocationPopupSegue.h */,
				B270E96B1A62E75000FEA5A7 /* UpdateLocationPopupSegue.m */,
				B2D6F6AF1A5880DA00185D32 /* MainViewController.h */,
				B2D6F6B01A5880DA00185D32 /* MainViewController.m */,
			);
			name = "Activity Feed";
			sourceTree = "<group>";
		};
		B2D6F6D61A58FED500185D32 /* Tab Bar */ = {
			isa = PBXGroup;
			children = (
				B2D6F6C51A58DCCB00185D32 /* CliquesTabBarController.h */,
				B2D6F6C61A58DCCB00185D32 /* CliquesTabBarController.m */,
				B2D6F6C71A58DCCB00185D32 /* CliquesTabBarSegue.h */,
				B2D6F6C81A58DCCB00185D32 /* CliquesTabBarSegue.m */,
			);
			name = "Tab Bar";
			sourceTree = "<group>";
		};
		B2D73B8B1A5A4791005C3F89 /* Models */ = {
			isa = PBXGroup;
			children = (
				B2FED4891A69D48000A22818 /* LocationShareModel.h */,
				B2FED48A1A69D48000A22818 /* LocationShareModel.m */,
				B2D73B951A5B9E14005C3F89 /* FriendsModel.h */,
				B2D73B961A5B9E14005C3F89 /* FriendsModel.m */,
			);
			name = Models;
			sourceTree = "<group>";
		};
		B2E41D281A54BDD400D03B2E = {
			isa = PBXGroup;
			children = (
				B2E41D7C1A54C01300D03B2E /* Frameworks */,
				B2D73B8B1A5A4791005C3F89 /* Models */,
				B2FED4931A69D48300A22818 /* Background Location Service */,
				B2E41DA61A54C2BA00D03B2E /* Login and Registration */,
				B2E41DA81A54C2E500D03B2E /* Find Friends */,
				B2D6F6CD1A58EAAB00185D32 /* Activity Feed */,
				B2D6F6CC1A58EA9900185D32 /* Map */,
				B2D6F6CB1A58EA5D00185D32 /* Manage Cliques/Friends */,
				B26C56B51A5A06050075AEA1 /* Settings */,
				B236EC551A57025D0060EDF1 /* Main Controller */,
				B2E41D6D1A54BECC00D03B2E /* AppDelegate.h */,
				B2E41D6E1A54BECC00D03B2E /* AppDelegate.m */,
				B2E41DA51A54C2A200D03B2E /* Storyboards */,
				B2D6F6971A58787800185D32 /* RESideMenu */,
				B227E4851A729DCD00F05C5E /* Map Clustering */,
				B2D6F6C41A58DCB200185D32 /* MHCustomTabBarController */,
				B270E8ED1A607FE800FEA5A7 /* MJPopupController */,
				B29CEDCD1A573B900076F213 /* Storyboard Link */,
				B2E41D331A54BDD400D03B2E /* Turnt_1 */,
				B2E41D321A54BDD400D03B2E /* Products */,
			);
			sourceTree = "<group>";
		};
		B2E41D321A54BDD400D03B2E /* Products */ = {
			isa = PBXGroup;
			children = (
				B2E41D311A54BDD400D03B2E /* Turnt_1.app */,
			);
			name = Products;
			sourceTree = "<group>";
		};
		B2E41D331A54BDD400D03B2E /* Turnt_1 */ = {
			isa = PBXGroup;
			children = (
				B2E41D411A54BDD400D03B2E /* Images.xcassets */,
				B2E41D341A54BDD400D03B2E /* Supporting Files */,
			);
			path = Turnt_1;
			sourceTree = "<group>";
		};
		B2E41D341A54BDD400D03B2E /* Supporting Files */ = {
			isa = PBXGroup;
			children = (
				B2E41D351A54BDD400D03B2E /* Info.plist */,
				B2E41D361A54BDD400D03B2E /* main.m */,
			);
			name = "Supporting Files";
			sourceTree = "<group>";
		};
		B2E41D7C1A54C01300D03B2E /* Frameworks */ = {
			isa = PBXGroup;
			children = (
				B2E41D9F1A54C0BD00D03B2E /* libsqlite3.dylib */,
				B2E41DA11A54C0C800D03B2E /* libz.dylib */,
				B2E41D851A54C05500D03B2E /* Accounts.framework */,
				B2E41D871A54C05B00D03B2E /* AddressBook.framework */,
				B2E41D891A54C05F00D03B2E /* AddressBookUI.framework */,
				B2E41D8B1A54C06900D03B2E /* AudioToolbox.framework */,
				B2E41D7D1A54C02800D03B2E /* Bolts.framework */,
				B2E41D8D1A54C07300D03B2E /* CFNetwork.framework */,
				B2E41D8F1A54C07B00D03B2E /* CoreGraphics.framework */,
				B2E41D911A54C08200D03B2E /* CoreLocation.framework */,
				B2D73B891A5A23E5005C3F89 /* MapKit.framework */,
				B2E41D931A54C08A00D03B2E /* MobileCoreServices.framework */,
				B2E41D7F1A54C02E00D03B2E /* Parse.framework */,
				B2E41D811A54C03200D03B2E /* ParseFacebookUtils.framework */,
				B2E41D831A54C03900D03B2E /* ParseUI.framework */,
				B2E41D951A54C09500D03B2E /* QuartzCore.framework */,
				B2E41D971A54C09D00D03B2E /* Security.framework */,
				B2E41D991A54C0A400D03B2E /* Social.framework */,
				B2E41D9B1A54C0AD00D03B2E /* StoreKit.framework */,
				B2E41D9D1A54C0B600D03B2E /* SystemConfiguration.framework */,
			);
			name = Frameworks;
			sourceTree = "<group>";
		};
		B2E41DA51A54C2A200D03B2E /* Storyboards */ = {
			isa = PBXGroup;
			children = (
				B2E41DA31A54C21500D03B2E /* LoginReg.storyboard */,
				B2D6F6CE1A58F80600185D32 /* NewClique.storyboard */,
				B270E9061A60E8D200FEA5A7 /* Main.storyboard */,
				B2E41D5E1A54BE9F00D03B2E /* LaunchScreen.xib */,
			);
			name = Storyboards;
			sourceTree = "<group>";
		};
		B2E41DA61A54C2BA00D03B2E /* Login and Registration */ = {
			isa = PBXGroup;
			children = (
				B28C0ACA1A855CCC00A86757 /* InitialViewController.h */,
				B28C0ACB1A855CCC00A86757 /* InitialViewController.m */,
				B227E4601A714D6300F05C5E /* JSTextField.h */,
				B227E4611A714D6300F05C5E /* JSTextField.m */,
				B28C0AD01A85971000A86757 /* ContactAccessViewController.h */,
				B28C0AD11A85971000A86757 /* ContactAccessViewController.m */,
				B28C0AC71A85527C00A86757 /* LocationAccessViewController.h */,
				B28C0AC81A85527C00A86757 /* LocationAccessViewController.m */,
				B2E41DA71A54C2D800D03B2E /* RegisteringViewController.h */,
				B2E41D751A54BFD800D03B2E /* RegisteringViewController.m */,
				B2E41D731A54BFD800D03B2E /* LoginViewController.h */,
				B2E41D741A54BFD800D03B2E /* LoginViewController.m */,
			);
			name = "Login and Registration";
			sourceTree = "<group>";
		};
		B2E41DA81A54C2E500D03B2E /* Find Friends */ = {
			isa = PBXGroup;
			children = (
				B2E41D761A54BFD800D03B2E /* TableCell.h */,
				B2E41D771A54BFD800D03B2E /* TableCell.m */,
				B2E41D711A54BFD800D03B2E /* FindFriendsTableViewController.h */,
				B2E41D721A54BFD800D03B2E /* FindFriendsTableViewController.m */,
			);
			name = "Find Friends";
			sourceTree = "<group>";
		};
		B2FED4931A69D48300A22818 /* Background Location Service */ = {
			isa = PBXGroup;
			children = (
				B2FED4861A69D48000A22818 /* BackgroundTaskManager.h */,
				B2FED4871A69D48000A22818 /* BackgroundTaskManager.m */,
				B2FED48B1A69D48000A22818 /* LocationTracker.h */,
				B2FED48C1A69D48000A22818 /* LocationTracker.m */,
			);
			name = "Background Location Service";
			sourceTree = "<group>";
		};
/* End PBXGroup section */

/* Begin PBXNativeTarget section */
		B2E41D301A54BDD400D03B2E /* Turnt_1 */ = {
			isa = PBXNativeTarget;
			buildConfigurationList = B2E41D541A54BDD400D03B2E /* Build configuration list for PBXNativeTarget "Turnt_1" */;
			buildPhases = (
				B2E41D2D1A54BDD400D03B2E /* Sources */,
				B2E41D2E1A54BDD400D03B2E /* Frameworks */,
				B2E41D2F1A54BDD400D03B2E /* Resources */,
			);
			buildRules = (
			);
			dependencies = (
			);
			name = Turnt_1;
			productName = Turnt_1;
			productReference = B2E41D311A54BDD400D03B2E /* Turnt_1.app */;
			productType = "com.apple.product-type.application";
		};
/* End PBXNativeTarget section */

/* Begin PBXProject section */
		B2E41D291A54BDD400D03B2E /* Project object */ = {
			isa = PBXProject;
			attributes = {
				LastUpgradeCheck = 0610;
				ORGANIZATIONNAME = "Turnt Apps";
				TargetAttributes = {
					B2E41D301A54BDD400D03B2E = {
						CreatedOnToolsVersion = 6.1.1;
						DevelopmentTeam = NAUT4D9GJD;
						SystemCapabilities = {
							com.apple.BackgroundModes = {
								enabled = 1;
							};
						};
					};
				};
			};
			buildConfigurationList = B2E41D2C1A54BDD400D03B2E /* Build configuration list for PBXProject "Turnt_1" */;
			compatibilityVersion = "Xcode 3.2";
			developmentRegion = English;
			hasScannedForEncodings = 0;
			knownRegions = (
				en,
				Base,
			);
			mainGroup = B2E41D281A54BDD400D03B2E;
			productRefGroup = B2E41D321A54BDD400D03B2E /* Products */;
			projectDirPath = "";
			projectRoot = "";
			targets = (
				B2E41D301A54BDD400D03B2E /* Turnt_1 */,
			);
		};
/* End PBXProject section */

/* Begin PBXResourcesBuildPhase section */
		B2E41D2F1A54BDD400D03B2E /* Resources */ = {
			isa = PBXResourcesBuildPhase;
			buildActionMask = 2147483647;
			files = (
				B2E41DA41A54C21500D03B2E /* LoginReg.storyboard in Resources */,
				B270E9071A60E8D200FEA5A7 /* Main.storyboard in Resources */,
				B2E41D681A54BEA000D03B2E /* LaunchScreen.xib in Resources */,
				B2D6F6CF1A58F80600185D32 /* NewClique.storyboard in Resources */,
				B2E41D421A54BDD400D03B2E /* Images.xcassets in Resources */,
			);
			runOnlyForDeploymentPostprocessing = 0;
		};
/* End PBXResourcesBuildPhase section */

/* Begin PBXSourcesBuildPhase section */
		B2E41D2D1A54BDD400D03B2E /* Sources */ = {
			isa = PBXSourcesBuildPhase;
			buildActionMask = 2147483647;
			files = (
				B29CEDCB1A573B8C0076F213 /* RBStoryboardSegue.m in Sources */,
				B2FED4851A69998500A22818 /* FriendCliqueCell.m in Sources */,
				B29CEDCC1A573B8C0076F213 /* UIViewController+RBStoryboardLink.m in Sources */,
				B2D6F6A01A58788A00185D32 /* UIViewController+RESideMenu.m in Sources */,
				B2FED48F1A69D48000A22818 /* BackgroundTaskManager.m in Sources */,
				B270E8EC1A607FE400FEA5A7 /* UIViewController+MJPopupViewController.m in Sources */,
				B270E90D1A60EA3D00FEA5A7 /* UpdatePlansView.m in Sources */,
				B2D6F6BE1A5880DA00185D32 /* RightMenuViewController.m in Sources */,
				B2D6F69E1A58788A00185D32 /* RECommonFunctions.m in Sources */,
				B28C0ACC1A855CCC00A86757 /* InitialViewController.m in Sources */,
				B222B2701A7D70880025DDCF /* YouCell.m in Sources */,
				B270E9661A62C68800FEA5A7 /* PartyAnnotation.m in Sources */,
				B270E8EB1A607FE400FEA5A7 /* MJPopupBackgroundView.m in Sources */,
				B2D73B971A5B9E14005C3F89 /* FriendsModel.m in Sources */,
				B227E4621A714D6300F05C5E /* JSTextField.m in Sources */,
				B270E9631A62C67100FEA5A7 /* PersonAnnotation.m in Sources */,
				B2FED4911A69D48000A22818 /* LocationTracker.m in Sources */,
				B29CEDCA1A573B8C0076F213 /* RBStoryboardPushSegue.m in Sources */,
				B2D6F6DC1A59049200185D32 /* CliqueCell.m in Sources */,
				B2D6F6D51A58FEAF00185D32 /* ManageCliquesViewController.m in Sources */,
				B270E8FC1A60E39900FEA5A7 /* MHTabBarSegue.m in Sources */,
				B270E9051A60E63700FEA5A7 /* UpdatePlansPopupSegue.m in Sources */,
				B28C0ACF1A857B2600A86757 /* ContactAccessCell.m in Sources */,
				B26C56B11A59D39E0075AEA1 /* NewCliqueViewController.m in Sources */,
				B28C0AC91A85527C00A86757 /* LocationAccessViewController.m in Sources */,
				B29CEDC81A573B8C0076F213 /* RBStoryboardModalSegue.m in Sources */,
				B270E96C1A62E75000FEA5A7 /* UpdateLocationPopupSegue.m in Sources */,
				B26C56B41A5A06020075AEA1 /* SettingsViewController.m in Sources */,
				B29CEDC71A573B8C0076F213 /* RBStoryboardLink.m in Sources */,
				B2FED4901A69D48000A22818 /* LocationShareModel.m in Sources */,
				B227E4881A72B8D000F05C5E /* SettingsCell.m in Sources */,
				B227E48B1A72C8AA00F05C5E /* ManageLocationsViewController.m in Sources */,
				B270E9691A62E71700FEA5A7 /* UpdateLocationView.m in Sources */,
				B2D6F6CA1A58DCCB00185D32 /* CliquesTabBarSegue.m in Sources */,
				B2D6F69F1A58788A00185D32 /* RESideMenu.m in Sources */,
				B29CEDC91A573B8C0076F213 /* RBStoryboardPopoverSegue.m in Sources */,
				B2D6F6BD1A5880DA00185D32 /* LeftMenuViewController.m in Sources */,
				B28C0AD21A85971000A86757 /* ContactAccessViewController.m in Sources */,
				B2D6F6C01A5880DA00185D32 /* MapViewController.m in Sources */,
				B270E8FB1A60E39900FEA5A7 /* MHCustomTabBarController.m in Sources */,
				B2D6F6D91A58FFA000185D32 /* ManageFriendsViewController.m in Sources */,
				B2E41D7B1A54BFD800D03B2E /* TableCell.m in Sources */,
				B2D6F6BC1A5880DA00185D32 /* MainViewController.m in Sources */,
				B2D6F6DF1A5904AC00185D32 /* FriendCell.m in Sources */,
				B2E41D791A54BFD800D03B2E /* LoginViewController.m in Sources */,
				B2D6F6C91A58DCCB00185D32 /* CliquesTabBarController.m in Sources */,
				B227E4911A72EE0100F05C5E /* FeedBackViewController.m in Sources */,
				B2D6F6D21A58FC1300185D32 /* JSStoryboardPopPresentSegue.m in Sources */,
				B2E41D6F1A54BECC00D03B2E /* AppDelegate.m in Sources */,
				B2D6F6BF1A5880DA00185D32 /* RootViewController.m in Sources */,
				B227E4941A73279200F05C5E /* LocationCell.m in Sources */,
				B2E41D7A1A54BFD800D03B2E /* RegisteringViewController.m in Sources */,
				B2E41D371A54BDD400D03B2E /* main.m in Sources */,
				B227E48E1A72ECA900F05C5E /* HelpViewController.m in Sources */,
				B2D73B941A5B8D15005C3F89 /* ActivityCell.m in Sources */,
				B2E41D781A54BFD800D03B2E /* FindFriendsTableViewController.m in Sources */,
			);
			runOnlyForDeploymentPostprocessing = 0;
		};
/* End PBXSourcesBuildPhase section */

/* Begin XCBuildConfiguration section */
		B2E41D521A54BDD400D03B2E /* Debug */ = {
			isa = XCBuildConfiguration;
			buildSettings = {
				ALWAYS_SEARCH_USER_PATHS = NO;
				CLANG_CXX_LANGUAGE_STANDARD = "gnu++0x";
				CLANG_CXX_LIBRARY = "libc++";
				CLANG_ENABLE_MODULES = YES;
				CLANG_ENABLE_OBJC_ARC = YES;
				CLANG_WARN_BOOL_CONVERSION = YES;
				CLANG_WARN_CONSTANT_CONVERSION = YES;
				CLANG_WARN_DIRECT_OBJC_ISA_USAGE = YES_ERROR;
				CLANG_WARN_EMPTY_BODY = YES;
				CLANG_WARN_ENUM_CONVERSION = YES;
				CLANG_WARN_INT_CONVERSION = YES;
				CLANG_WARN_OBJC_ROOT_CLASS = YES_ERROR;
				CLANG_WARN_UNREACHABLE_CODE = YES;
				CLANG_WARN__DUPLICATE_METHOD_MATCH = YES;
				"CODE_SIGN_IDENTITY[sdk=iphoneos*]" = "iPhone Developer";
				COPY_PHASE_STRIP = NO;
				ENABLE_STRICT_OBJC_MSGSEND = YES;
				GCC_C_LANGUAGE_STANDARD = gnu99;
				GCC_DYNAMIC_NO_PIC = NO;
				GCC_OPTIMIZATION_LEVEL = 0;
				GCC_PREPROCESSOR_DEFINITIONS = (
					"DEBUG=1",
					"$(inherited)",
				);
				GCC_SYMBOLS_PRIVATE_EXTERN = NO;
				GCC_WARN_64_TO_32_BIT_CONVERSION = YES;
				GCC_WARN_ABOUT_RETURN_TYPE = YES_ERROR;
				GCC_WARN_UNDECLARED_SELECTOR = YES;
				GCC_WARN_UNINITIALIZED_AUTOS = YES_AGGRESSIVE;
				GCC_WARN_UNUSED_FUNCTION = YES;
				GCC_WARN_UNUSED_VARIABLE = YES;
				IPHONEOS_DEPLOYMENT_TARGET = 7.0;
				MTL_ENABLE_DEBUG_INFO = YES;
				ONLY_ACTIVE_ARCH = YES;
				SDKROOT = iphoneos;
			};
			name = Debug;
		};
		B2E41D531A54BDD400D03B2E /* Release */ = {
			isa = XCBuildConfiguration;
			buildSettings = {
				ALWAYS_SEARCH_USER_PATHS = NO;
				CLANG_CXX_LANGUAGE_STANDARD = "gnu++0x";
				CLANG_CXX_LIBRARY = "libc++";
				CLANG_ENABLE_MODULES = YES;
				CLANG_ENABLE_OBJC_ARC = YES;
				CLANG_WARN_BOOL_CONVERSION = YES;
				CLANG_WARN_CONSTANT_CONVERSION = YES;
				CLANG_WARN_DIRECT_OBJC_ISA_USAGE = YES_ERROR;
				CLANG_WARN_EMPTY_BODY = YES;
				CLANG_WARN_ENUM_CONVERSION = YES;
				CLANG_WARN_INT_CONVERSION = YES;
				CLANG_WARN_OBJC_ROOT_CLASS = YES_ERROR;
				CLANG_WARN_UNREACHABLE_CODE = YES;
				CLANG_WARN__DUPLICATE_METHOD_MATCH = YES;
				"CODE_SIGN_IDENTITY[sdk=iphoneos*]" = "iPhone Developer";
				COPY_PHASE_STRIP = YES;
				ENABLE_NS_ASSERTIONS = NO;
				ENABLE_STRICT_OBJC_MSGSEND = YES;
				GCC_C_LANGUAGE_STANDARD = gnu99;
				GCC_WARN_64_TO_32_BIT_CONVERSION = YES;
				GCC_WARN_ABOUT_RETURN_TYPE = YES_ERROR;
				GCC_WARN_UNDECLARED_SELECTOR = YES;
				GCC_WARN_UNINITIALIZED_AUTOS = YES_AGGRESSIVE;
				GCC_WARN_UNUSED_FUNCTION = YES;
				GCC_WARN_UNUSED_VARIABLE = YES;
				IPHONEOS_DEPLOYMENT_TARGET = 7.0;
				MTL_ENABLE_DEBUG_INFO = NO;
				SDKROOT = iphoneos;
				VALIDATE_PRODUCT = YES;
			};
			name = Release;
		};
		B2E41D551A54BDD400D03B2E /* Debug */ = {
			isa = XCBuildConfiguration;
			buildSettings = {
				ASSETCATALOG_COMPILER_APPICON_NAME = AppIcon;
				ASSETCATALOG_COMPILER_LAUNCHIMAGE_NAME = LaunchImage;
				CODE_SIGN_IDENTITY = "iPhone Developer";
				"CODE_SIGN_IDENTITY[sdk=iphoneos*]" = "iPhone Developer";
				FRAMEWORK_SEARCH_PATHS = (
					"$(inherited)",
					"$(PROJECT_DIR)/parse-library-1.5.0",
				);
				INFOPLIST_FILE = Turnt_1/Info.plist;
				IPHONEOS_DEPLOYMENT_TARGET = 7.0;
				LD_RUNPATH_SEARCH_PATHS = "$(inherited) @executable_path/Frameworks";
				PRODUCT_NAME = Turnt_1;
				PROVISIONING_PROFILE = "";
			};
			name = Debug;
		};
		B2E41D561A54BDD400D03B2E /* Release */ = {
			isa = XCBuildConfiguration;
			buildSettings = {
				ASSETCATALOG_COMPILER_APPICON_NAME = AppIcon;
				ASSETCATALOG_COMPILER_LAUNCHIMAGE_NAME = LaunchImage;
				CODE_SIGN_IDENTITY = "iPhone Developer";
				"CODE_SIGN_IDENTITY[sdk=iphoneos*]" = "iPhone Developer";
				FRAMEWORK_SEARCH_PATHS = (
					"$(inherited)",
					"$(PROJECT_DIR)/parse-library-1.5.0",
				);
				INFOPLIST_FILE = Turnt_1/Info.plist;
				IPHONEOS_DEPLOYMENT_TARGET = 7.0;
				LD_RUNPATH_SEARCH_PATHS = "$(inherited) @executable_path/Frameworks";
				PRODUCT_NAME = Turnt_1;
				PROVISIONING_PROFILE = "";
			};
			name = Release;
		};
/* End XCBuildConfiguration section */

/* Begin XCConfigurationList section */
		B2E41D2C1A54BDD400D03B2E /* Build configuration list for PBXProject "Turnt_1" */ = {
			isa = XCConfigurationList;
			buildConfigurations = (
				B2E41D521A54BDD400D03B2E /* Debug */,
				B2E41D531A54BDD400D03B2E /* Release */,
			);
			defaultConfigurationIsVisible = 0;
			defaultConfigurationName = Release;
		};
		B2E41D541A54BDD400D03B2E /* Build configuration list for PBXNativeTarget "Turnt_1" */ = {
			isa = XCConfigurationList;
			buildConfigurations = (
				B2E41D551A54BDD400D03B2E /* Debug */,
				B2E41D561A54BDD400D03B2E /* Release */,
			);
			defaultConfigurationIsVisible = 0;
			defaultConfigurationName = Release;
		};
/* End XCConfigurationList section */
	};
	rootObject = B2E41D291A54BDD400D03B2E /* Project object */;
}
